
Microsoft Visual Studio Solution File, Format Version 12.00
# Visual Studio Version 17
VisualStudioVersion = 17.7.34024.191
MinimumVisualStudioVersion = 10.0.40219.1
Project("{FAE04EC0-301F-11D3-BF4B-00C04F79EFBC}") = "asp-net-core-tradein-api-for-svelte", "asp-net-core-tradein-api-for-svelte.csproj", "{BDC365F0-1591-48FE-BEC8-7CF574589C84}"
EndProject
Global
	GlobalSection(SolutionConfigurationPlatforms) = preSolution
		Debug|Any CPU = Debug|Any CPU
		Release|Any CPU = Release|Any CPU
	EndGlobalSection
	GlobalSection(ProjectConfigurationPlatforms) = postSolution
		{BDC365F0-1591-48FE-BEC8-7CF574589C84}.Debug|Any CPU.ActiveCfg = Debug|Any CPU
		{BDC365F0-1591-48FE-BEC8-7CF574589C84}.Debug|Any CPU.Build.0 = Debug|Any CPU
		{BDC365F0-1591-48FE-BEC8-7CF574589C84}.Release|Any CPU.ActiveCfg = Release|Any CPU
		{BDC365F0-1591-48FE-BEC8-7CF574589C84}.Release|Any CPU.Build.0 = Release|Any CPU
	EndGlobalSection
	GlobalSection(SolutionProperties) = preSolution
		HideSolutionNode = FALSE
	EndGlobalSection
	GlobalSection(ExtensibilityGlobals) = postSolution
		SolutionGuid = {E1AC3BC7-B49C-44F9-9062-B577CB4E366B}
	EndGlobalSection
EndGlobal
